
Microsoft Visual Studio Solution File, Format Version 12.00
# Visual Studio Version 16
VisualStudioVersion = 16.0.30406.217
MinimumVisualStudioVersion = 10.0.40219.1
Project("{FAE04EC0-301F-11D3-BF4B-00C04F79EFBC}") = "ProjectCovid-19", "ProjectCovid-19\ProjectCovid-19.csproj", "{30EA499E-16C4-449B-A8BE-F1A0065A42D8}"
EndProject
Global
	GlobalSection(SolutionConfigurationPlatforms) = preSolution
		Debug|Any CPU = Debug|Any CPU
		Release|Any CPU = Release|Any CPU
	EndGlobalSection
	GlobalSection(ProjectConfigurationPlatforms) = postSolution
		{30EA499E-16C4-449B-A8BE-F1A0065A42D8}.Debug|Any CPU.ActiveCfg = Debug|Any CPU
		{30EA499E-16C4-449B-A8BE-F1A0065A42D8}.Debug|Any CPU.Build.0 = Debug|Any CPU
		{30EA499E-16C4-449B-A8BE-F1A0065A42D8}.Release|Any CPU.ActiveCfg = Release|Any CPU
		{30EA499E-16C4-449B-A8BE-F1A0065A42D8}.Release|Any CPU.Build.0 = Release|Any CPU
	EndGlobalSection
	GlobalSection(SolutionProperties) = preSolution
		HideSolutionNode = FALSE
	EndGlobalSection
	GlobalSection(ExtensibilityGlobals) = postSolution
		SolutionGuid = {0591A860-E5C4-4827-8A40-2A09D8296056}
	EndGlobalSection
EndGlobal
